{
    "_readme": [
        "This file locks the dependencies of your project to a known state",
        "Read more about it at https://getcomposer.org/doc/01-basic-usage.md#installing-dependencies",
        "This file is @generated automatically"
    ],
    "content-hash": "aa94c30072de7884e0b581fd0fbc5500",
    "packages": [
        {
            "name": "manialib/gbx",
            "version": "4.1.1",
            "source": {
                "type": "git",
                "url": "https://github.com/manialib/gbx.git",
                "reference": "25d838374dd4d01b5488cfa2ec636e4befa03f3f"
            },
            "dist": {
                "type": "zip",
                "url": "https://api.github.com/repos/manialib/gbx/zipball/25d838374dd4d01b5488cfa2ec636e4befa03f3f",
                "reference": "25d838374dd4d01b5488cfa2ec636e4befa03f3f",
                "shasum": ""
            },
            "require": {
                "ext-gd": "*",
                "php": "^7.1"
            },
            "require-dev": {
                "phpunit/phpunit": "^7.0"
            },
            "type": "library",
            "autoload": {
                "psr-4": {
                    "Manialib\\": "src/Manialib/"
                }
            },
            "notification-url": "https://packagist.org/downloads/",
            "license": [
                "MIT"
            ],
            "authors": [
                {
                    "name": "Nadeo",
                    "email": "contact@nadeo.com",
                    "homepage": "http://www.nadeo.com/"
                }
            ],
            "description": "Manialib/Gbx is a PHP package to manipulate Maniaplanet Gbx files metadata",
            "homepage": "https://github.com/manialib/gbx",
            "keywords": [
                "ManiaLib",
                "ManiaPlanet",
                "Nadeo",
                "ShootMania",
                "TrackMania",
                "Ubisoft"
            ],
            "time": "2019-08-06T08:25:44+00:00"
        }
    ],
    "packages-dev": [],
    "aliases": [],
    "minimum-stability": "stable",
    "stability-flags": [],
    "prefer-stable": false,
    "prefer-lowest": false,
    "platform": [],
    "platform-dev": []
}
